
Microsoft Visual Studio Solution File, Format Version 12.00
# Visual Studio 14
VisualStudioVersion = 14.0.25420.1
MinimumVisualStudioVersion = 10.0.40219.1
Project("{FAE04EC0-301F-11D3-BF4B-00C04F79EFBC}") = "TestWebAPIApplication", "TestWebAPIApplication\TestWebAPIApplication.csproj", "{EEDFE476-D33B-44C0-8722-D7E02ADABF38}"
EndProject
Project("{FAE04EC0-301F-11D3-BF4B-00C04F79EFBC}") = "UnitTestProject", "UnitTestProject\UnitTestProject.csproj", "{D9B0F592-43BE-416B-8ADC-2CF8DEDE2AB4}"
EndProject
Project("{2150E333-8FDC-42A3-9474-1A3956D46DE8}") = "Solution Items", "Solution Items", "{ADA6DDB9-25A9-4F16-B73B-736BBCEF931C}"
	ProjectSection(SolutionItems) = preProject
		Local.testsettings = Local.testsettings
	EndProjectSection
EndProject
Project("{FAE04EC0-301F-11D3-BF4B-00C04F79EFBC}") = "WebAndLoadTestProject", "WebAndLoadTestProject\WebAndLoadTestProject.csproj", "{B09C03C7-879C-40EA-9391-685295FED3FF}"
EndProject
Global
	GlobalSection(SolutionConfigurationPlatforms) = preSolution
		Debug|Any CPU = Debug|Any CPU
		Release|Any CPU = Release|Any CPU
	EndGlobalSection
	GlobalSection(ProjectConfigurationPlatforms) = postSolution
		{EEDFE476-D33B-44C0-8722-D7E02ADABF38}.Debug|Any CPU.ActiveCfg = Debug|Any CPU
		{EEDFE476-D33B-44C0-8722-D7E02ADABF38}.Debug|Any CPU.Build.0 = Debug|Any CPU
		{EEDFE476-D33B-44C0-8722-D7E02ADABF38}.Release|Any CPU.ActiveCfg = Release|Any CPU
		{EEDFE476-D33B-44C0-8722-D7E02ADABF38}.Release|Any CPU.Build.0 = Release|Any CPU
		{D9B0F592-43BE-416B-8ADC-2CF8DEDE2AB4}.Debug|Any CPU.ActiveCfg = Debug|Any CPU
		{D9B0F592-43BE-416B-8ADC-2CF8DEDE2AB4}.Debug|Any CPU.Build.0 = Debug|Any CPU
		{D9B0F592-43BE-416B-8ADC-2CF8DEDE2AB4}.Release|Any CPU.ActiveCfg = Release|Any CPU
		{D9B0F592-43BE-416B-8ADC-2CF8DEDE2AB4}.Release|Any CPU.Build.0 = Release|Any CPU
		{B09C03C7-879C-40EA-9391-685295FED3FF}.Debug|Any CPU.ActiveCfg = Debug|Any CPU
		{B09C03C7-879C-40EA-9391-685295FED3FF}.Debug|Any CPU.Build.0 = Debug|Any CPU
		{B09C03C7-879C-40EA-9391-685295FED3FF}.Release|Any CPU.ActiveCfg = Release|Any CPU
		{B09C03C7-879C-40EA-9391-685295FED3FF}.Release|Any CPU.Build.0 = Release|Any CPU
	EndGlobalSection
	GlobalSection(SolutionProperties) = preSolution
		HideSolutionNode = FALSE
	EndGlobalSection
EndGlobal
